
Microsoft Visual Studio Solution File, Format Version 12.00
# Visual Studio Version 16
VisualStudioVersion = 16.0.30413.136
MinimumVisualStudioVersion = 10.0.40219.1
Project("{FAE04EC0-301F-11D3-BF4B-00C04F79EFBC}") = "Vistas", "tp integrador\Vistas.csproj", "{E3E24564-8314-493D-85DF-ABFEE39A25C4}"
EndProject
Project("{FAE04EC0-301F-11D3-BF4B-00C04F79EFBC}") = "Datos", "Datos\Datos.csproj", "{8B0EF618-3DA0-42D3-80A8-6A50A571ABB3}"
EndProject
Project("{FAE04EC0-301F-11D3-BF4B-00C04F79EFBC}") = "Entidades", "Entidades\Entidades.csproj", "{AD927CEC-9743-4A3C-AAB0-4F8CD7B7B5D7}"
EndProject
Project("{FAE04EC0-301F-11D3-BF4B-00C04F79EFBC}") = "Negocio", "Negocio\Negocio.csproj", "{2C045311-79FA-487E-8E15-6EB88A707A5A}"
EndProject
Global
	GlobalSection(SolutionConfigurationPlatforms) = preSolution
		Debug|Any CPU = Debug|Any CPU
		Release|Any CPU = Release|Any CPU
	EndGlobalSection
	GlobalSection(ProjectConfigurationPlatforms) = postSolution
		{E3E24564-8314-493D-85DF-ABFEE39A25C4}.Debug|Any CPU.ActiveCfg = Debug|Any CPU
		{E3E24564-8314-493D-85DF-ABFEE39A25C4}.Debug|Any CPU.Build.0 = Debug|Any CPU
		{E3E24564-8314-493D-85DF-ABFEE39A25C4}.Release|Any CPU.ActiveCfg = Release|Any CPU
		{E3E24564-8314-493D-85DF-ABFEE39A25C4}.Release|Any CPU.Build.0 = Release|Any CPU
		{8B0EF618-3DA0-42D3-80A8-6A50A571ABB3}.Debug|Any CPU.ActiveCfg = Debug|Any CPU
		{8B0EF618-3DA0-42D3-80A8-6A50A571ABB3}.Debug|Any CPU.Build.0 = Debug|Any CPU
		{8B0EF618-3DA0-42D3-80A8-6A50A571ABB3}.Release|Any CPU.ActiveCfg = Release|Any CPU
		{8B0EF618-3DA0-42D3-80A8-6A50A571ABB3}.Release|Any CPU.Build.0 = Release|Any CPU
		{AD927CEC-9743-4A3C-AAB0-4F8CD7B7B5D7}.Debug|Any CPU.ActiveCfg = Debug|Any CPU
		{AD927CEC-9743-4A3C-AAB0-4F8CD7B7B5D7}.Debug|Any CPU.Build.0 = Debug|Any CPU
		{AD927CEC-9743-4A3C-AAB0-4F8CD7B7B5D7}.Release|Any CPU.ActiveCfg = Release|Any CPU
		{AD927CEC-9743-4A3C-AAB0-4F8CD7B7B5D7}.Release|Any CPU.Build.0 = Release|Any CPU
		{2C045311-79FA-487E-8E15-6EB88A707A5A}.Debug|Any CPU.ActiveCfg = Debug|Any CPU
		{2C045311-79FA-487E-8E15-6EB88A707A5A}.Debug|Any CPU.Build.0 = Debug|Any CPU
		{2C045311-79FA-487E-8E15-6EB88A707A5A}.Release|Any CPU.ActiveCfg = Release|Any CPU
		{2C045311-79FA-487E-8E15-6EB88A707A5A}.Release|Any CPU.Build.0 = Release|Any CPU
	EndGlobalSection
	GlobalSection(SolutionProperties) = preSolution
		HideSolutionNode = FALSE
	EndGlobalSection
	GlobalSection(ExtensibilityGlobals) = postSolution
		SolutionGuid = {8D31740B-530A-4A98-9558-99AFE0B6566C}
	EndGlobalSection
EndGlobal
